
Microsoft Visual Studio Solution File, Format Version 12.00
# Visual Studio Version 17
VisualStudioVersion = 17.5.002.0
MinimumVisualStudioVersion = 10.0.40219.1
Project("{9A19103F-16F7-4668-BE54-9A1E7A4F7556}") = "Library", "Library\Library.csproj", "{CAECD4BE-AB1D-4B3E-9B56-99EBE713F026}"
EndProject
Project("{9A19103F-16F7-4668-BE54-9A1E7A4F7556}") = "Program", "Program\Program.csproj", "{CD66CD6F-C6D1-4EF1-8B25-D3BEE01237E2}"
EndProject
Project("{FAE04EC0-301F-11D3-BF4B-00C04F79EFBC}") = "Library.Tests", "..\Tests\Library.Tests.csproj", "{A3A7B07E-3E23-440C-94D8-77BF450B4190}"
EndProject
Global
	GlobalSection(SolutionConfigurationPlatforms) = preSolution
		Debug|Any CPU = Debug|Any CPU
		Release|Any CPU = Release|Any CPU
	EndGlobalSection
	GlobalSection(ProjectConfigurationPlatforms) = postSolution
		{CAECD4BE-AB1D-4B3E-9B56-99EBE713F026}.Debug|Any CPU.ActiveCfg = Debug|Any CPU
		{CAECD4BE-AB1D-4B3E-9B56-99EBE713F026}.Debug|Any CPU.Build.0 = Debug|Any CPU
		{CAECD4BE-AB1D-4B3E-9B56-99EBE713F026}.Release|Any CPU.ActiveCfg = Release|Any CPU
		{CAECD4BE-AB1D-4B3E-9B56-99EBE713F026}.Release|Any CPU.Build.0 = Release|Any CPU
		{CD66CD6F-C6D1-4EF1-8B25-D3BEE01237E2}.Debug|Any CPU.ActiveCfg = Debug|Any CPU
		{CD66CD6F-C6D1-4EF1-8B25-D3BEE01237E2}.Debug|Any CPU.Build.0 = Debug|Any CPU
		{CD66CD6F-C6D1-4EF1-8B25-D3BEE01237E2}.Release|Any CPU.ActiveCfg = Release|Any CPU
		{CD66CD6F-C6D1-4EF1-8B25-D3BEE01237E2}.Release|Any CPU.Build.0 = Release|Any CPU
		{A3A7B07E-3E23-440C-94D8-77BF450B4190}.Debug|Any CPU.ActiveCfg = Debug|Any CPU
		{A3A7B07E-3E23-440C-94D8-77BF450B4190}.Debug|Any CPU.Build.0 = Debug|Any CPU
		{A3A7B07E-3E23-440C-94D8-77BF450B4190}.Release|Any CPU.ActiveCfg = Release|Any CPU
		{A3A7B07E-3E23-440C-94D8-77BF450B4190}.Release|Any CPU.Build.0 = Release|Any CPU
	EndGlobalSection
	GlobalSection(SolutionProperties) = preSolution
		HideSolutionNode = FALSE
	EndGlobalSection
	GlobalSection(ExtensibilityGlobals) = postSolution
		SolutionGuid = {4056D361-0279-4BC5-B6CC-EB6BD1EFABFF}
	EndGlobalSection
EndGlobal
